{
  "nodes": {
    "nixpkgs": {
      "locked": {
        "lastModified": 1692007866,
        "narHash": "sha256-X8w0vPZjZxMm68VCwh/BHDoKRGp+BgzQ6w7Nkif6IVM=",
        "owner": "NixOS",
        "repo": "nixpkgs",
        "rev": "de2b8ddf94d6cc6161b7659649594c79bd66c13b",
        "type": "github"
      },
      "original": {
        "owner": "NixOS",
        "ref": "nixpkgs-unstable",
        "repo": "nixpkgs",
        "type": "github"
      }
    },
    "root": {
      "inputs": {
        "nixpkgs": "nixpkgs"
      }
    }
  },
  "root": "root",
  "version": 7
}
