{
  "nodes": {
    "nixpkgs": {
      "locked": {
        "lastModified": 1785975029,
        "narHash": "sha256-X44cn5rzytELc3NNoQsh0aLkjWA/QzPfc6HPQmsG3sU=",
        "owner": "NixOS",
        "repo": "nixpkgs",
        "rev": "70ce234312134a463ba7728e94da2486a1d237ac",
        "type": "github"
      },
      "original": {
        "owner": "NixOS",
        "ref": "nixpkgs-unstable",
        "repo": "nixpkgs",
        "type": "github"
      }
    },
    "prime-agent-src": {
      "flake": false,
      "locked": {
        "lastModified": 1786144980,
        "narHash": "sha256-bVsxa4xF/9xK2FtFrbdUdXAhpNeyjG6kciY67tqZNiI=",
        "owner": "PrimeIntellect-ai",
        "repo": "prime-agent",
        "rev": "a18809e00ea30638584d87b3afea7285a9d7296c",
        "type": "github"
      },
      "original": {
        "owner": "PrimeIntellect-ai",
        "ref": "main",
        "repo": "prime-agent",
        "type": "github"
      }
    },
    "root": {
      "inputs": {
        "nixpkgs": "nixpkgs",
        "prime-agent-src": "prime-agent-src"
      }
    }
  },
  "root": "root",
  "version": 7
}
